// !$*UTF8*$!
{
	archiveVersion = 1;
	classes = {
	};
	objectVersion = 46;
	objects = {

/* Begin PBXBuildFile section */
		F5FC992E1A1B9A260012FA5F /* AppDelegate.swift in Sources */ = {isa = PBXBuildFile; fileRef = F5FC992D1A1B9A260012FA5F /* AppDelegate.swift */; };
		F5FC99331A1B9A260012FA5F /* Main.storyboard in Resources */ = {isa = PBXBuildFile; fileRef = F5FC99311A1B9A260012FA5F /* Main.storyboard */; };
		F5FC99351A1B9A260012FA5F /* Images.xcassets in Resources */ = {isa = PBXBuildFile; fileRef = F5FC99341A1B9A260012FA5F /* Images.xcassets */; };
		F5FC99381A1B9A260012FA5F /* LaunchScreen.xib in Resources */ = {isa = PBXBuildFile; fileRef = F5FC99361A1B9A260012FA5F /* LaunchScreen.xib */; };
		F5FC99441A1B9A260012FA5F /* iSushiTests.swift in Sources */ = {isa = PBXBuildFile; fileRef = F5FC99431A1B9A260012FA5F /* iSushiTests.swift */; };
		F5FC994E1A1B9EB20012FA5F /* SushiListViewController.swift in Sources */ = {isa = PBXBuildFile; fileRef = F5FC994D1A1B9EB20012FA5F /* SushiListViewController.swift */; };
		F5FC99501A1BB40C0012FA5F /* CreateSushiOverviewViewController.swift in Sources */ = {isa = PBXBuildFile; fileRef = F5FC994F1A1BB40C0012FA5F /* CreateSushiOverviewViewController.swift */; };
		F5FC99521A1BBAF20012FA5F /* CreateSushiIngredientsViewController.swift in Sources */ = {isa = PBXBuildFile; fileRef = F5FC99511A1BBAF20012FA5F /* CreateSushiIngredientsViewController.swift */; };
		F5FC99541A1BBB130012FA5F /* CreateSushiStepsViewController.swift in Sources */ = {isa = PBXBuildFile; fileRef = F5FC99531A1BBB130012FA5F /* CreateSushiStepsViewController.swift */; };
/* End PBXBuildFile section */

/* Begin PBXContainerItemProxy section */
		F5FC993E1A1B9A260012FA5F /* PBXContainerItemProxy */ = {
			isa = PBXContainerItemProxy;
			containerPortal = F5FC99201A1B9A260012FA5F /* Project object */;
			proxyType = 1;
			remoteGlobalIDString = F5FC99271A1B9A260012FA5F;
			remoteInfo = iSushi;
		};
/* End PBXContainerItemProxy section */

/* Begin PBXFileReference section */
		F5FC99281A1B9A260012FA5F /* iSushi.app */ = {isa = PBXFileReference; explicitFileType = wrapper.application; includeInIndex = 0; path = iSushi.app; sourceTree = BUILT_PRODUCTS_DIR; };
		F5FC992C1A1B9A260012FA5F /* Info.plist */ = {isa = PBXFileReference; lastKnownFileType = text.plist.xml; path = Info.plist; sourceTree = "<group>"; };
		F5FC992D1A1B9A260012FA5F /* AppDelegate.swift */ = {isa = PBXFileReference; lastKnownFileType = sourcecode.swift; path = AppDelegate.swift; sourceTree = "<group>"; };
		F5FC99321A1B9A260012FA5F /* Base */ = {isa = PBXFileReference; lastKnownFileType = file.storyboard; name = Base; path = Base.lproj/Main.storyboard; sourceTree = "<group>"; };
		F5FC99341A1B9A260012FA5F /* Images.xcassets */ = {isa = PBXFileReference; lastKnownFileType = folder.assetcatalog; path = Images.xcassets; sourceTree = "<group>"; };
		F5FC99371A1B9A260012FA5F /* Base */ = {isa = PBXFileReference; lastKnownFileType = file.xib; name = Base; path = Base.lproj/LaunchScreen.xib; sourceTree = "<group>"; };
		F5FC993D1A1B9A260012FA5F /* iSushiTests.xctest */ = {isa = PBXFileReference; explicitFileType = wrapper.cfbundle; includeInIndex = 0; path = iSushiTests.xctest; sourceTree = BUILT_PRODUCTS_DIR; };
		F5FC99421A1B9A260012FA5F /* Info.plist */ = {isa = PBXFileReference; lastKnownFileType = text.plist.xml; path = Info.plist; sourceTree = "<group>"; };
		F5FC99431A1B9A260012FA5F /* iSushiTests.swift */ = {isa = PBXFileReference; lastKnownFileType = sourcecode.swift; path = iSushiTests.swift; sourceTree = "<group>"; };
		F5FC994D1A1B9EB20012FA5F /* SushiListViewController.swift */ = {isa = PBXFileReference; fileEncoding = 4; lastKnownFileType = sourcecode.swift; path = SushiListViewController.swift; sourceTree = "<group>"; };
		F5FC994F1A1BB40C0012FA5F /* CreateSushiOverviewViewController.swift */ = {isa = PBXFileReference; fileEncoding = 4; lastKnownFileType = sourcecode.swift; path = CreateSushiOverviewViewController.swift; sourceTree = "<group>"; };
		F5FC99511A1BBAF20012FA5F /* CreateSushiIngredientsViewController.swift */ = {isa = PBXFileReference; fileEncoding = 4; lastKnownFileType = sourcecode.swift; path = CreateSushiIngredientsViewController.swift; sourceTree = "<group>"; };
		F5FC99531A1BBB130012FA5F /* CreateSushiStepsViewController.swift */ = {isa = PBXFileReference; fileEncoding = 4; lastKnownFileType = sourcecode.swift; path = CreateSushiStepsViewController.swift; sourceTree = "<group>"; };
/* End PBXFileReference section */

/* Begin PBXFrameworksBuildPhase section */
		F5FC99251A1B9A260012FA5F /* Frameworks */ = {
			isa = PBXFrameworksBuildPhase;
			buildActionMask = 2147483647;
			files = (
			);
			runOnlyForDeploymentPostprocessing = 0;
		};
		F5FC993A1A1B9A260012FA5F /* Frameworks */ = {
			isa = PBXFrameworksBuildPhase;
			buildActionMask = 2147483647;
			files = (
			);
			runOnlyForDeploymentPostprocessing = 0;
		};
/* End PBXFrameworksBuildPhase section */

/* Begin PBXGroup section */
		F5FC991F1A1B9A260012FA5F = {
			isa = PBXGroup;
			children = (
				F5FC992A1A1B9A260012FA5F /* iSushi */,
				F5FC99401A1B9A260012FA5F /* iSushiTests */,
				F5FC99291A1B9A260012FA5F /* Products */,
			);
			sourceTree = "<group>";
		};
		F5FC99291A1B9A260012FA5F /* Products */ = {
			isa = PBXGroup;
			children = (
				F5FC99281A1B9A260012FA5F /* iSushi.app */,
				F5FC993D1A1B9A260012FA5F /* iSushiTests.xctest */,
			);
			name = Products;
			sourceTree = "<group>";
		};
		F5FC992A1A1B9A260012FA5F /* iSushi */ = {
			isa = PBXGroup;
			children = (
				F5FC992D1A1B9A260012FA5F /* AppDelegate.swift */,
				F5FC99311A1B9A260012FA5F /* Main.storyboard */,
				F5FC994F1A1BB40C0012FA5F /* CreateSushiOverviewViewController.swift */,
				F5FC99511A1BBAF20012FA5F /* CreateSushiIngredientsViewController.swift */,
				F5FC99531A1BBB130012FA5F /* CreateSushiStepsViewController.swift */,
				F5FC994D1A1B9EB20012FA5F /* SushiListViewController.swift */,
				F5FC99341A1B9A260012FA5F /* Images.xcassets */,
				F5FC99361A1B9A260012FA5F /* LaunchScreen.xib */,
				F5FC992B1A1B9A260012FA5F /* Supporting Files */,
			);
			path = iSushi;
			sourceTree = "<group>";
		};
		F5FC992B1A1B9A260012FA5F /* Supporting Files */ = {
			isa = PBXGroup;
			children = (
				F5FC992C1A1B9A260012FA5F /* Info.plist */,
			);
			name = "Supporting Files";
			sourceTree = "<group>";
		};
		F5FC99401A1B9A260012FA5F /* iSushiTests */ = {
			isa = PBXGroup;
			children = (
				F5FC99431A1B9A260012FA5F /* iSushiTests.swift */,
				F5FC99411A1B9A260012FA5F /* Supporting Files */,
			);
			path = iSushiTests;
			sourceTree = "<group>";
		};
		F5FC99411A1B9A260012FA5F /* Supporting Files */ = {
			isa = PBXGroup;
			children = (
				F5FC99421A1B9A260012FA5F /* Info.plist */,
			);
			name = "Supporting Files";
			sourceTree = "<group>";
		};
/* End PBXGroup section */

/* Begin PBXNativeTarget section */
		F5FC99271A1B9A260012FA5F /* iSushi */ = {
			isa = PBXNativeTarget;
			buildConfigurationList = F5FC99471A1B9A260012FA5F /* Build configuration list for PBXNativeTarget "iSushi" */;
			buildPhases = (
				F5FC99241A1B9A260012FA5F /* Sources */,
				F5FC99251A1B9A260012FA5F /* Frameworks */,
				F5FC99261A1B9A260012FA5F /* Resources */,
			);
			buildRules = (
			);
			dependencies = (
			);
			name = iSushi;
			productName = iSushi;
			productReference = F5FC99281A1B9A260012FA5F /* iSushi.app */;
			productType = "com.apple.product-type.application";
		};
		F5FC993C1A1B9A260012FA5F /* iSushiTests */ = {
			isa = PBXNativeTarget;
			buildConfigurationList = F5FC994A1A1B9A260012FA5F /* Build configuration list for PBXNativeTarget "iSushiTests" */;
			buildPhases = (
				F5FC99391A1B9A260012FA5F /* Sources */,
				F5FC993A1A1B9A260012FA5F /* Frameworks */,
				F5FC993B1A1B9A260012FA5F /* Resources */,
			);
			buildRules = (
			);
			dependencies = (
				F5FC993F1A1B9A260012FA5F /* PBXTargetDependency */,
			);
			name = iSushiTests;
			productName = iSushiTests;
			productReference = F5FC993D1A1B9A260012FA5F /* iSushiTests.xctest */;
			productType = "com.apple.product-type.bundle.unit-test";
		};
/* End PBXNativeTarget section */

/* Begin PBXProject section */
		F5FC99201A1B9A260012FA5F /* Project object */ = {
			isa = PBXProject;
			attributes = {
				LastUpgradeCheck = 0610;
				ORGANIZATIONNAME = "Pierluigi Cifani";
				TargetAttributes = {
					F5FC99271A1B9A260012FA5F = {
						CreatedOnToolsVersion = 6.1;
					};
					F5FC993C1A1B9A260012FA5F = {
						CreatedOnToolsVersion = 6.1;
						TestTargetID = F5FC99271A1B9A260012FA5F;
					};
				};
			};
			buildConfigurationList = F5FC99231A1B9A260012FA5F /* Build configuration list for PBXProject "iSushi" */;
			compatibilityVersion = "Xcode 3.2";
			developmentRegion = English;
			hasScannedForEncodings = 0;
			knownRegions = (
				en,
				Base,
			);
			mainGroup = F5FC991F1A1B9A260012FA5F;
			productRefGroup = F5FC99291A1B9A260012FA5F /* Products */;
			projectDirPath = "";
			projectRoot = "";
			targets = (
				F5FC99271A1B9A260012FA5F /* iSushi */,
				F5FC993C1A1B9A260012FA5F /* iSushiTests */,
			);
		};
/* End PBXProject section */

/* Begin PBXResourcesBuildPhase section */
		F5FC99261A1B9A260012FA5F /* Resources */ = {
			isa = PBXResourcesBuildPhase;
			buildActionMask = 2147483647;
			files = (
				F5FC99331A1B9A260012FA5F /* Main.storyboard in Resources */,
				F5FC99381A1B9A260012FA5F /* LaunchScreen.xib in Resources */,
				F5FC99351A1B9A260012FA5F /* Images.xcassets in Resources */,
			);
			runOnlyForDeploymentPostprocessing = 0;
		};
		F5FC993B1A1B9A260012FA5F /* Resources */ = {
			isa = PBXResourcesBuildPhase;
			buildActionMask = 2147483647;
			files = (
			);
			runOnlyForDeploymentPostprocessing = 0;
		};
/* End PBXResourcesBuildPhase section */

/* Begin PBXSourcesBuildPhase section */
		F5FC99241A1B9A260012FA5F /* Sources */ = {
			isa = PBXSourcesBuildPhase;
			buildActionMask = 2147483647;
			files = (
				F5FC99541A1BBB130012FA5F /* CreateSushiStepsViewController.swift in Sources */,
				F5FC99521A1BBAF20012FA5F /* CreateSushiIngredientsViewController.swift in Sources */,
				F5FC994E1A1B9EB20012FA5F /* SushiListViewController.swift in Sources */,
				F5FC992E1A1B9A260012FA5F /* AppDelegate.swift in Sources */,
				F5FC99501A1BB40C0012FA5F /* CreateSushiOverviewViewController.swift in Sources */,
			);
			runOnlyForDeploymentPostprocessing = 0;
		};
		F5FC99391A1B9A260012FA5F /* Sources */ = {
			isa = PBXSourcesBuildPhase;
			buildActionMask = 2147483647;
			files = (
				F5FC99441A1B9A260012FA5F /* iSushiTests.swift in Sources */,
			);
			runOnlyForDeploymentPostprocessing = 0;
		};
/* End PBXSourcesBuildPhase section */

/* Begin PBXTargetDependency section */
		F5FC993F1A1B9A260012FA5F /* PBXTargetDependency */ = {
			isa = PBXTargetDependency;
			target = F5FC99271A1B9A260012FA5F /* iSushi */;
			targetProxy = F5FC993E1A1B9A260012FA5F /* PBXContainerItemProxy */;
		};
/* End PBXTargetDependency section */

/* Begin PBXVariantGroup section */
		F5FC99311A1B9A260012FA5F /* Main.storyboard */ = {
			isa = PBXVariantGroup;
			children = (
				F5FC99321A1B9A260012FA5F /* Base */,
			);
			name = Main.storyboard;
			sourceTree = "<group>";
		};
		F5FC99361A1B9A260012FA5F /* LaunchScreen.xib */ = {
			isa = PBXVariantGroup;
			children = (
				F5FC99371A1B9A260012FA5F /* Base */,
			);
			name = LaunchScreen.xib;
			sourceTree = "<group>";
		};
/* End PBXVariantGroup section */

/* Begin XCBuildConfiguration section */
		F5FC99451A1B9A260012FA5F /* Debug */ = {
			isa = XCBuildConfiguration;
			buildSettings = {
				ALWAYS_SEARCH_USER_PATHS = NO;
				CLANG_CXX_LANGUAGE_STANDARD = "gnu++0x";
				CLANG_CXX_LIBRARY = "libc++";
				CLANG_ENABLE_MODULES = YES;
				CLANG_ENABLE_OBJC_ARC = YES;
				CLANG_WARN_BOOL_CONVERSION = YES;
				CLANG_WARN_CONSTANT_CONVERSION = YES;
				CLANG_WARN_DIRECT_OBJC_ISA_USAGE = YES_ERROR;
				CLANG_WARN_EMPTY_BODY = YES;
				CLANG_WARN_ENUM_CONVERSION = YES;
				CLANG_WARN_INT_CONVERSION = YES;
				CLANG_WARN_OBJC_ROOT_CLASS = YES_ERROR;
				CLANG_WARN_UNREACHABLE_CODE = YES;
				CLANG_WARN__DUPLICATE_METHOD_MATCH = YES;
				"CODE_SIGN_IDENTITY[sdk=iphoneos*]" = "iPhone Developer";
				COPY_PHASE_STRIP = NO;
				ENABLE_STRICT_OBJC_MSGSEND = YES;
				GCC_C_LANGUAGE_STANDARD = gnu99;
				GCC_DYNAMIC_NO_PIC = NO;
				GCC_OPTIMIZATION_LEVEL = 0;
				GCC_PREPROCESSOR_DEFINITIONS = (
					"DEBUG=1",
					"$(inherited)",
				);
				GCC_SYMBOLS_PRIVATE_EXTERN = NO;
				GCC_WARN_64_TO_32_BIT_CONVERSION = YES;
				GCC_WARN_ABOUT_RETURN_TYPE = YES_ERROR;
				GCC_WARN_UNDECLARED_SELECTOR = YES;
				GCC_WARN_UNINITIALIZED_AUTOS = YES_AGGRESSIVE;
				GCC_WARN_UNUSED_FUNCTION = YES;
				GCC_WARN_UNUSED_VARIABLE = YES;
				IPHONEOS_DEPLOYMENT_TARGET = 8.1;
				MTL_ENABLE_DEBUG_INFO = YES;
				ONLY_ACTIVE_ARCH = YES;
				SDKROOT = iphoneos;
				SWIFT_OPTIMIZATION_LEVEL = "-Onone";
			};
			name = Debug;
		};
		F5FC99461A1B9A260012FA5F /* Release */ = {
			isa = XCBuildConfiguration;
			buildSettings = {
				ALWAYS_SEARCH_USER_PATHS = NO;
				CLANG_CXX_LANGUAGE_STANDARD = "gnu++0x";
				CLANG_CXX_LIBRARY = "libc++";
				CLANG_ENABLE_MODULES = YES;
				CLANG_ENABLE_OBJC_ARC = YES;
				CLANG_WARN_BOOL_CONVERSION = YES;
				CLANG_WARN_CONSTANT_CONVERSION = YES;
				CLANG_WARN_DIRECT_OBJC_ISA_USAGE = YES_ERROR;
				CLANG_WARN_EMPTY_BODY = YES;
				CLANG_WARN_ENUM_CONVERSION = YES;
				CLANG_WARN_INT_CONVERSION = YES;
				CLANG_WARN_OBJC_ROOT_CLASS = YES_ERROR;
				CLANG_WARN_UNREACHABLE_CODE = YES;
				CLANG_WARN__DUPLICATE_METHOD_MATCH = YES;
				"CODE_SIGN_IDENTITY[sdk=iphoneos*]" = "iPhone Developer";
				COPY_PHASE_STRIP = YES;
				ENABLE_NS_ASSERTIONS = NO;
				ENABLE_STRICT_OBJC_MSGSEND = YES;
				GCC_C_LANGUAGE_STANDARD = gnu99;
				GCC_WARN_64_TO_32_BIT_CONVERSION = YES;
				GCC_WARN_ABOUT_RETURN_TYPE = YES_ERROR;
				GCC_WARN_UNDECLARED_SELECTOR = YES;
				GCC_WARN_UNINITIALIZED_AUTOS = YES_AGGRESSIVE;
				GCC_WARN_UNUSED_FUNCTION = YES;
				GCC_WARN_UNUSED_VARIABLE = YES;
				IPHONEOS_DEPLOYMENT_TARGET = 8.1;
				MTL_ENABLE_DEBUG_INFO = NO;
				SDKROOT = iphoneos;
				VALIDATE_PRODUCT = YES;
			};
			name = Release;
		};
		F5FC99481A1B9A260012FA5F /* Debug */ = {
			isa = XCBuildConfiguration;
			buildSettings = {
				ASSETCATALOG_COMPILER_APPICON_NAME = AppIcon;
				INFOPLIST_FILE = iSushi/Info.plist;
				LD_RUNPATH_SEARCH_PATHS = "$(inherited) @executable_path/Frameworks";
				PRODUCT_NAME = "$(TARGET_NAME)";
			};
			name = Debug;
		};
		F5FC99491A1B9A260012FA5F /* Release */ = {
			isa = XCBuildConfiguration;
			buildSettings = {
				ASSETCATALOG_COMPILER_APPICON_NAME = AppIcon;
				INFOPLIST_FILE = iSushi/Info.plist;
				LD_RUNPATH_SEARCH_PATHS = "$(inherited) @executable_path/Frameworks";
				PRODUCT_NAME = "$(TARGET_NAME)";
			};
			name = Release;
		};
		F5FC994B1A1B9A260012FA5F /* Debug */ = {
			isa = XCBuildConfiguration;
			buildSettings = {
				BUNDLE_LOADER = "$(TEST_HOST)";
				FRAMEWORK_SEARCH_PATHS = (
					"$(SDKROOT)/Developer/Library/Frameworks",
					"$(inherited)",
				);
				GCC_PREPROCESSOR_DEFINITIONS = (
					"DEBUG=1",
					"$(inherited)",
				);
				INFOPLIST_FILE = iSushiTests/Info.plist;
				LD_RUNPATH_SEARCH_PATHS = "$(inherited) @executable_path/Frameworks @loader_path/Frameworks";
				PRODUCT_NAME = "$(TARGET_NAME)";
				TEST_HOST = "$(BUILT_PRODUCTS_DIR)/iSushi.app/iSushi";
			};
			name = Debug;
		};
		F5FC994C1A1B9A260012FA5F /* Release */ = {
			isa = XCBuildConfiguration;
			buildSettings = {
				BUNDLE_LOADER = "$(TEST_HOST)";
				FRAMEWORK_SEARCH_PATHS = (
					"$(SDKROOT)/Developer/Library/Frameworks",
					"$(inherited)",
				);
				INFOPLIST_FILE = iSushiTests/Info.plist;
				LD_RUNPATH_SEARCH_PATHS = "$(inherited) @executable_path/Frameworks @loader_path/Frameworks";
				PRODUCT_NAME = "$(TARGET_NAME)";
				TEST_HOST = "$(BUILT_PRODUCTS_DIR)/iSushi.app/iSushi";
			};
			name = Release;
		};
/* End XCBuildConfiguration section */

/* Begin XCConfigurationList section */
		F5FC99231A1B9A260012FA5F /* Build configuration list for PBXProject "iSushi" */ = {
			isa = XCConfigurationList;
			buildConfigurations = (
				F5FC99451A1B9A260012FA5F /* Debug */,
				F5FC99461A1B9A260012FA5F /* Release */,
			);
			defaultConfigurationIsVisible = 0;
			defaultConfigurationName = Release;
		};
		F5FC99471A1B9A260012FA5F /* Build configuration list for PBXNativeTarget "iSushi" */ = {
			isa = XCConfigurationList;
			buildConfigurations = (
				F5FC99481A1B9A260012FA5F /* Debug */,
				F5FC99491A1B9A260012FA5F /* Release */,
			);
			defaultConfigurationIsVisible = 0;
		};
		F5FC994A1A1B9A260012FA5F /* Build configuration list for PBXNativeTarget "iSushiTests" */ = {
			isa = XCConfigurationList;
			buildConfigurations = (
				F5FC994B1A1B9A260012FA5F /* Debug */,
				F5FC994C1A1B9A260012FA5F /* Release */,
			);
			defaultConfigurationIsVisible = 0;
		};
/* End XCConfigurationList section */
	};
	rootObject = F5FC99201A1B9A260012FA5F /* Project object */;
}
